
Microsoft Visual Studio Solution File, Format Version 12.00
# Visual Studio Version 16
VisualStudioVersion = 16.0.31129.286
MinimumVisualStudioVersion = 10.0.40219.1
Project("{9A19103F-16F7-4668-BE54-9A1E7A4F7556}") = "Bal Ortalamasinin Hesablanmasi", "Bal Ortalamasinin Hesablanmasi\Bal Ortalamasinin Hesablanmasi.csproj", "{19621889-E30D-42CE-8046-E1610D2F5F35}"
EndProject
Project("{9A19103F-16F7-4668-BE54-9A1E7A4F7556}") = "2.Bal Ortalamasinin Hesablanmasi", "2.Bal Ortalamasinin Hesablanmasi\2.Bal Ortalamasinin Hesablanmasi.csproj", "{1F43940B-9B10-4D75-A093-9AF8FC26B381}"
EndProject
Project("{9A19103F-16F7-4668-BE54-9A1E7A4F7556}") = "3.Bal Ortalamasinin Hesablanmasi", "3.Bal Ortalamasinin Hesablanmasi\3.Bal Ortalamasinin Hesablanmasi.csproj", "{2F0EBC2A-1557-40D0-AAA7-59B97E16E6A6}"
EndProject
Project("{9A19103F-16F7-4668-BE54-9A1E7A4F7556}") = "2. while", "2. while\2. while.csproj", "{754045C5-F437-4E56-BF8C-CC73D3B4BAC4}"
EndProject
Project("{9A19103F-16F7-4668-BE54-9A1E7A4F7556}") = "3. while", "3. while\3. while.csproj", "{A58203E5-5C14-4F13-8659-82A32C0D4BA9}"
EndProject
Project("{9A19103F-16F7-4668-BE54-9A1E7A4F7556}") = "4. while", "4. while\4. while.csproj", "{C25FFB87-F1CC-4E2E-887B-999CA0DAF38F}"
EndProject
Project("{9A19103F-16F7-4668-BE54-9A1E7A4F7556}") = "5. Mini login-if", "5. Mini login\5. Mini login-if.csproj", "{81C87BA1-B4AE-4CE5-9DAF-3A86A14A6DCD}"
EndProject
Project("{9A19103F-16F7-4668-BE54-9A1E7A4F7556}") = "Mini login-ternery", "Mini login-ternery\Mini login-ternery.csproj", "{0E198743-C0FA-4D7C-9BB4-2D275EBF6DFC}"
EndProject
Project("{9A19103F-16F7-4668-BE54-9A1E7A4F7556}") = "Mini login-switch", "Mini login-switch\Mini login-switch.csproj", "{2927D2DB-CF9E-4358-AC5E-E8BC4097853B}"
EndProject
Project("{9A19103F-16F7-4668-BE54-9A1E7A4F7556}") = "Mini lgin-2", "Mini lgin-2\Mini lgin-2.csproj", "{DB9D1EF8-D625-4E79-9484-32F9FD2F2D3F}"
EndProject
Project("{9A19103F-16F7-4668-BE54-9A1E7A4F7556}") = "switch-calculator", "switch-calculator\switch-calculator.csproj", "{99E6DC9B-66E1-459B-AD09-80689ACAE4BD}"
EndProject
Project("{FAE04EC0-301F-11D3-BF4B-00C04F79EFBC}") = "menfi-musbet-if", "menfi-musbet-ternery\menfi-musbet-if.csproj", "{65DC6C4A-0526-442A-981A-6F130D830C4E}"
EndProject
Project("{FAE04EC0-301F-11D3-BF4B-00C04F79EFBC}") = "menfi musbet-ternery", "..\..\..\source\repos\menfi musbet-ternery\menfi musbet-ternery\menfi musbet-ternery.csproj", "{9AD1B14A-8C1C-4C87-AEFE-38D58545A9F9}"
EndProject
Project("{FAE04EC0-301F-11D3-BF4B-00C04F79EFBC}") = "Vurma Cedveli", "Vurma Cedveli\Vurma Cedveli.csproj", "{15F7A070-313C-4285-9033-F5454C5E62E4}"
EndProject
Project("{FAE04EC0-301F-11D3-BF4B-00C04F79EFBC}") = "exam", "exam\exam.csproj", "{511A154E-B9E6-404A-AC06-08ADA0E26AE3}"
EndProject
Global
	GlobalSection(SolutionConfigurationPlatforms) = preSolution
		Debug|Any CPU = Debug|Any CPU
		Release|Any CPU = Release|Any CPU
	EndGlobalSection
	GlobalSection(ProjectConfigurationPlatforms) = postSolution
		{19621889-E30D-42CE-8046-E1610D2F5F35}.Debug|Any CPU.ActiveCfg = Debug|Any CPU
		{19621889-E30D-42CE-8046-E1610D2F5F35}.Debug|Any CPU.Build.0 = Debug|Any CPU
		{19621889-E30D-42CE-8046-E1610D2F5F35}.Release|Any CPU.ActiveCfg = Release|Any CPU
		{19621889-E30D-42CE-8046-E1610D2F5F35}.Release|Any CPU.Build.0 = Release|Any CPU
		{1F43940B-9B10-4D75-A093-9AF8FC26B381}.Debug|Any CPU.ActiveCfg = Debug|Any CPU
		{1F43940B-9B10-4D75-A093-9AF8FC26B381}.Debug|Any CPU.Build.0 = Debug|Any CPU
		{1F43940B-9B10-4D75-A093-9AF8FC26B381}.Release|Any CPU.ActiveCfg = Release|Any CPU
		{1F43940B-9B10-4D75-A093-9AF8FC26B381}.Release|Any CPU.Build.0 = Release|Any CPU
		{2F0EBC2A-1557-40D0-AAA7-59B97E16E6A6}.Debug|Any CPU.ActiveCfg = Debug|Any CPU
		{2F0EBC2A-1557-40D0-AAA7-59B97E16E6A6}.Debug|Any CPU.Build.0 = Debug|Any CPU
		{2F0EBC2A-1557-40D0-AAA7-59B97E16E6A6}.Release|Any CPU.ActiveCfg = Release|Any CPU
		{2F0EBC2A-1557-40D0-AAA7-59B97E16E6A6}.Release|Any CPU.Build.0 = Release|Any CPU
		{754045C5-F437-4E56-BF8C-CC73D3B4BAC4}.Debug|Any CPU.ActiveCfg = Debug|Any CPU
		{754045C5-F437-4E56-BF8C-CC73D3B4BAC4}.Debug|Any CPU.Build.0 = Debug|Any CPU
		{754045C5-F437-4E56-BF8C-CC73D3B4BAC4}.Release|Any CPU.ActiveCfg = Release|Any CPU
		{754045C5-F437-4E56-BF8C-CC73D3B4BAC4}.Release|Any CPU.Build.0 = Release|Any CPU
		{A58203E5-5C14-4F13-8659-82A32C0D4BA9}.Debug|Any CPU.ActiveCfg = Debug|Any CPU
		{A58203E5-5C14-4F13-8659-82A32C0D4BA9}.Debug|Any CPU.Build.0 = Debug|Any CPU
		{A58203E5-5C14-4F13-8659-82A32C0D4BA9}.Release|Any CPU.ActiveCfg = Release|Any CPU
		{A58203E5-5C14-4F13-8659-82A32C0D4BA9}.Release|Any CPU.Build.0 = Release|Any CPU
		{C25FFB87-F1CC-4E2E-887B-999CA0DAF38F}.Debug|Any CPU.ActiveCfg = Debug|Any CPU
		{C25FFB87-F1CC-4E2E-887B-999CA0DAF38F}.Debug|Any CPU.Build.0 = Debug|Any CPU
		{C25FFB87-F1CC-4E2E-887B-999CA0DAF38F}.Release|Any CPU.ActiveCfg = Release|Any CPU
		{C25FFB87-F1CC-4E2E-887B-999CA0DAF38F}.Release|Any CPU.Build.0 = Release|Any CPU
		{81C87BA1-B4AE-4CE5-9DAF-3A86A14A6DCD}.Debug|Any CPU.ActiveCfg = Debug|Any CPU
		{81C87BA1-B4AE-4CE5-9DAF-3A86A14A6DCD}.Debug|Any CPU.Build.0 = Debug|Any CPU
		{81C87BA1-B4AE-4CE5-9DAF-3A86A14A6DCD}.Release|Any CPU.ActiveCfg = Release|Any CPU
		{81C87BA1-B4AE-4CE5-9DAF-3A86A14A6DCD}.Release|Any CPU.Build.0 = Release|Any CPU
		{0E198743-C0FA-4D7C-9BB4-2D275EBF6DFC}.Debug|Any CPU.ActiveCfg = Debug|Any CPU
		{0E198743-C0FA-4D7C-9BB4-2D275EBF6DFC}.Debug|Any CPU.Build.0 = Debug|Any CPU
		{0E198743-C0FA-4D7C-9BB4-2D275EBF6DFC}.Release|Any CPU.ActiveCfg = Release|Any CPU
		{0E198743-C0FA-4D7C-9BB4-2D275EBF6DFC}.Release|Any CPU.Build.0 = Release|Any CPU
		{2927D2DB-CF9E-4358-AC5E-E8BC4097853B}.Debug|Any CPU.ActiveCfg = Debug|Any CPU
		{2927D2DB-CF9E-4358-AC5E-E8BC4097853B}.Debug|Any CPU.Build.0 = Debug|Any CPU
		{2927D2DB-CF9E-4358-AC5E-E8BC4097853B}.Release|Any CPU.ActiveCfg = Release|Any CPU
		{2927D2DB-CF9E-4358-AC5E-E8BC4097853B}.Release|Any CPU.Build.0 = Release|Any CPU
		{DB9D1EF8-D625-4E79-9484-32F9FD2F2D3F}.Debug|Any CPU.ActiveCfg = Debug|Any CPU
		{DB9D1EF8-D625-4E79-9484-32F9FD2F2D3F}.Debug|Any CPU.Build.0 = Debug|Any CPU
		{DB9D1EF8-D625-4E79-9484-32F9FD2F2D3F}.Release|Any CPU.ActiveCfg = Release|Any CPU
		{DB9D1EF8-D625-4E79-9484-32F9FD2F2D3F}.Release|Any CPU.Build.0 = Release|Any CPU
		{99E6DC9B-66E1-459B-AD09-80689ACAE4BD}.Debug|Any CPU.ActiveCfg = Debug|Any CPU
		{99E6DC9B-66E1-459B-AD09-80689ACAE4BD}.Debug|Any CPU.Build.0 = Debug|Any CPU
		{99E6DC9B-66E1-459B-AD09-80689ACAE4BD}.Release|Any CPU.ActiveCfg = Release|Any CPU
		{99E6DC9B-66E1-459B-AD09-80689ACAE4BD}.Release|Any CPU.Build.0 = Release|Any CPU
		{65DC6C4A-0526-442A-981A-6F130D830C4E}.Debug|Any CPU.ActiveCfg = Debug|Any CPU
		{65DC6C4A-0526-442A-981A-6F130D830C4E}.Debug|Any CPU.Build.0 = Debug|Any CPU
		{65DC6C4A-0526-442A-981A-6F130D830C4E}.Release|Any CPU.ActiveCfg = Release|Any CPU
		{65DC6C4A-0526-442A-981A-6F130D830C4E}.Release|Any CPU.Build.0 = Release|Any CPU
		{9AD1B14A-8C1C-4C87-AEFE-38D58545A9F9}.Debug|Any CPU.ActiveCfg = Debug|Any CPU
		{9AD1B14A-8C1C-4C87-AEFE-38D58545A9F9}.Debug|Any CPU.Build.0 = Debug|Any CPU
		{9AD1B14A-8C1C-4C87-AEFE-38D58545A9F9}.Release|Any CPU.ActiveCfg = Release|Any CPU
		{9AD1B14A-8C1C-4C87-AEFE-38D58545A9F9}.Release|Any CPU.Build.0 = Release|Any CPU
		{15F7A070-313C-4285-9033-F5454C5E62E4}.Debug|Any CPU.ActiveCfg = Debug|Any CPU
		{15F7A070-313C-4285-9033-F5454C5E62E4}.Debug|Any CPU.Build.0 = Debug|Any CPU
		{15F7A070-313C-4285-9033-F5454C5E62E4}.Release|Any CPU.ActiveCfg = Release|Any CPU
		{15F7A070-313C-4285-9033-F5454C5E62E4}.Release|Any CPU.Build.0 = Release|Any CPU
		{511A154E-B9E6-404A-AC06-08ADA0E26AE3}.Debug|Any CPU.ActiveCfg = Debug|Any CPU
		{511A154E-B9E6-404A-AC06-08ADA0E26AE3}.Debug|Any CPU.Build.0 = Debug|Any CPU
		{511A154E-B9E6-404A-AC06-08ADA0E26AE3}.Release|Any CPU.ActiveCfg = Release|Any CPU
		{511A154E-B9E6-404A-AC06-08ADA0E26AE3}.Release|Any CPU.Build.0 = Release|Any CPU
	EndGlobalSection
	GlobalSection(SolutionProperties) = preSolution
		HideSolutionNode = FALSE
	EndGlobalSection
	GlobalSection(ExtensibilityGlobals) = postSolution
		SolutionGuid = {920642B0-E4E3-45C9-9E69-547D27F8D58E}
	EndGlobalSection
EndGlobal
