
Microsoft Visual Studio Solution File, Format Version 12.00
# Visual Studio Version 16
VisualStudioVersion = 16.0.31129.286
MinimumVisualStudioVersion = 10.0.40219.1
Project("{9A19103F-16F7-4668-BE54-9A1E7A4F7556}") = "pul el cirki", "pul el cirki.csproj", "{DB2C2614-28EF-4FE5-9160-59550AAF4C3D}"
EndProject
Global
	GlobalSection(SolutionConfigurationPlatforms) = preSolution
		Debug|Any CPU = Debug|Any CPU
		Release|Any CPU = Release|Any CPU
	EndGlobalSection
	GlobalSection(ProjectConfigurationPlatforms) = postSolution
		{DB2C2614-28EF-4FE5-9160-59550AAF4C3D}.Debug|Any CPU.ActiveCfg = Debug|Any CPU
		{DB2C2614-28EF-4FE5-9160-59550AAF4C3D}.Debug|Any CPU.Build.0 = Debug|Any CPU
		{DB2C2614-28EF-4FE5-9160-59550AAF4C3D}.Release|Any CPU.ActiveCfg = Release|Any CPU
		{DB2C2614-28EF-4FE5-9160-59550AAF4C3D}.Release|Any CPU.Build.0 = Release|Any CPU
	EndGlobalSection
	GlobalSection(SolutionProperties) = preSolution
		HideSolutionNode = FALSE
	EndGlobalSection
	GlobalSection(ExtensibilityGlobals) = postSolution
		SolutionGuid = {3989F146-7468-4D70-8B06-B3064D97F80A}
	EndGlobalSection
EndGlobal
